{
  "name": "tree-sitter-jsp",
  "version": "0.1.0",
  "lockfileVersion": 3,
  "requires": true,
  "packages": {
    "": {
      "name": "tree-sitter-jsp",
      "version": "0.1.0",
      "license": "MIT",
      "dependencies": {
        "nan": "^2.14.0"
      },
      "devDependencies": {
        "standard-version": "7.0.0",
        "tree-sitter-html": "0.15.0"
      }
    },
    "node_modules/ansi-regex": {
      "version": "4.1.0",
      "dev": true,
      "license": "MIT",
      "engines": {
        "node": ">=6"
      }
    },
    "node_modules/ansi-styles": {
      "version": "3.2.1",
      "dev": true,
      "license": "MIT",
      "dependencies": {
        "color-convert": "^1.9.0"
      },
      "engines": {
        "node": ">=4"
      }
    },
    "node_modules/array-find-index": {
      "version": "1.0.2",
      "dev": true,
      "license": "MIT",
      "engines": {
        "node": ">=0.10.0"
      }
    },
    "node_modules/array-ify": {
      "version": "1.0.0",
      "dev": true,
      "license": "MIT"
    },
    "node_modules/arrify": {
      "version": "1.0.1",
      "dev": true,
      "license": "MIT",
      "engines": {
        "node": ">=0.10.0"
      }
    },
    "node_modules/balanced-match": {
      "version": "1.0.0",
      "dev": true,
      "license": "MIT"
    },
    "node_modules/brace-expansion": {
      "version": "1.1.11",
      "dev": true,
      "license": "MIT",
      "dependencies": {
        "balanced-match": "^1.0.0",
        "concat-map": "0.0.1"
      }
    },
    "node_modules/buffer-from": {
      "version": "1.1.1",
      "dev": true,
      "license": "MIT"
    },
    "node_modules/camelcase": {
      "version": "4.1.0",
      "dev": true,
      "license": "MIT",
      "engines": {
        "node": ">=4"
      }
    },
    "node_modules/camelcase-keys": {
      "version": "4.2.0",
      "dev": true,
      "license": "MIT",
      "dependencies": {
        "camelcase": "^4.1.0",
        "map-obj": "^2.0.0",
        "quick-lru": "^1.0.0"
      },
      "engines": {
        "node": ">=4"
      }
    },
    "node_modules/camelcase-keys/node_modules/map-obj": {
      "version": "2.0.0",
      "dev": true,
      "license": "MIT",
      "engines": {
        "node": ">=4"
      }
    },
    "node_modules/chalk": {
      "version": "2.4.2",
      "dev": true,
      "license": "MIT",
      "dependencies": {
        "ansi-styles": "^3.2.1",
        "escape-string-regexp": "^1.0.5",
        "supports-color": "^5.3.0"
      },
      "engines": {
        "node": ">=4"
      }
    },
    "node_modules/cliui": {
      "version": "5.0.0",
      "dev": true,
      "license": "ISC",
      "dependencies": {
        "string-width": "^3.1.0",
        "strip-ansi": "^5.2.0",
        "wrap-ansi": "^5.1.0"
      }
    },
    "node_modules/color-convert": {
      "version": "1.9.3",
      "dev": true,
      "license": "MIT",
      "dependencies": {
        "color-name": "1.1.3"
      }
    },
    "node_modules/color-name": {
      "version": "1.1.3",
      "dev": true,
      "license": "MIT"
    },
    "node_modules/commander": {
      "version": "2.20.0",
      "dev": true,
      "license": "MIT",
      "optional": true
    },
    "node_modules/compare-func": {
      "version": "1.3.2",
      "dev": true,
      "license": "MIT",
      "dependencies": {
        "array-ify": "^1.0.0",
        "dot-prop": "^3.0.0"
      }
    },
    "node_modules/concat-map": {
      "version": "0.0.1",
      "dev": true,
      "license": "MIT"
    },
    "node_modules/concat-stream": {
      "version": "2.0.0",
      "dev": true,
      "engines": [
        "node >= 6.0"
      ],
      "license": "MIT",
      "dependencies": {
        "buffer-from": "^1.0.0",
        "inherits": "^2.0.3",
        "readable-stream": "^3.0.2",
        "typedarray": "^0.0.6"
      }
    },
    "node_modules/conventional-changelog": {
      "version": "3.1.9",
      "dev": true,
      "license": "MIT",
      "dependencies": {
        "conventional-changelog-angular": "^5.0.3",
        "conventional-changelog-atom": "^2.0.1",
        "conventional-changelog-codemirror": "^2.0.1",
        "conventional-changelog-conventionalcommits": "^4.0.0",
        "conventional-changelog-core": "^3.2.3",
        "conventional-changelog-ember": "^2.0.2",
        "conventional-changelog-eslint": "^3.0.2",
        "conventional-changelog-express": "^2.0.1",
        "conventional-changelog-jquery": "^3.0.4",
        "conventional-changelog-jshint": "^2.0.1",
        "conventional-changelog-preset-loader": "^2.1.1"
      },
      "engines": {
        "node": ">=6.9.0"
      }
    },
    "node_modules/conventional-changelog-angular": {
      "version": "5.0.3",
      "dev": true,
      "license": "ISC",
      "dependencies": {
        "compare-func": "^1.3.1",
        "q": "^1.5.1"
      },
      "engines": {
        "node": ">=6.9.0"
      }
    },
    "node_modules/conventional-changelog-atom": {
      "version": "2.0.1",
      "dev": true,
      "license": "ISC",
      "dependencies": {
        "q": "^1.5.1"
      },
      "engines": {
        "node": ">=6.9.0"
      }
    },
    "node_modules/conventional-changelog-codemirror": {
      "version": "2.0.1",
      "dev": true,
      "license": "ISC",
      "dependencies": {
        "q": "^1.5.1"
      },
      "engines": {
        "node": ">=6.9.0"
      }
    },
    "node_modules/conventional-changelog-config-spec": {
      "version": "2.0.0",
      "dev": true,
      "license": "MIT"
    },
    "node_modules/conventional-changelog-conventionalcommits": {
      "version": "4.1.0",
      "dev": true,
      "license": "ISC",
      "dependencies": {
        "compare-func": "^1.3.1",
        "q": "^1.5.1"
      },
      "engines": {
        "node": ">=6.9.0"
      }
    },
    "node_modules/conventional-changelog-core": {
      "version": "3.2.3",
      "dev": true,
      "license": "MIT",
      "dependencies": {
        "conventional-changelog-writer": "^4.0.6",
        "conventional-commits-parser": "^3.0.3",
        "dateformat": "^3.0.0",
        "get-pkg-repo": "^1.0.0",
        "git-raw-commits": "2.0.0",
        "git-remote-origin-url": "^2.0.0",
        "git-semver-tags": "^2.0.3",
        "lodash": "^4.2.1",
        "normalize-package-data": "^2.3.5",
        "q": "^1.5.1",
        "read-pkg": "^3.0.0",
        "read-pkg-up": "^3.0.0",
        "through2": "^3.0.0"
      },
      "engines": {
        "node": ">=6.9.0"
      }
    },
    "node_modules/conventional-changelog-core/node_modules/git-semver-tags": {
      "version": "2.0.3",
      "dev": true,
      "license": "MIT",
      "dependencies": {
        "meow": "^4.0.0",
        "semver": "^6.0.0"
      },
      "bin": {
        "git-semver-tags": "cli.js"
      },
      "engines": {
        "node": ">=6.9.0"
      }
    },
    "node_modules/conventional-changelog-core/node_modules/through2": {
      "version": "3.0.1",
      "dev": true,
      "license": "MIT",
      "dependencies": {
        "readable-stream": "2 || 3"
      }
    },
    "node_modules/conventional-changelog-ember": {
      "version": "2.0.2",
      "dev": true,
      "license": "ISC",
      "dependencies": {
        "q": "^1.5.1"
      },
      "engines": {
        "node": ">=6.9.0"
      }
    },
    "node_modules/conventional-changelog-eslint": {
      "version": "3.0.2",
      "dev": true,
      "license": "ISC",
      "dependencies": {
        "q": "^1.5.1"
      },
      "engines": {
        "node": ">=6.9.0"
      }
    },
    "node_modules/conventional-changelog-express": {
      "version": "2.0.1",
      "dev": true,
      "license": "ISC",
      "dependencies": {
        "q": "^1.5.1"
      },
      "engines": {
        "node": ">=6.9.0"
      }
    },
    "node_modules/conventional-changelog-jquery": {
      "version": "3.0.4",
      "dev": true,
      "license": "ISC",
      "dependencies": {
        "q": "^1.5.1"
      },
      "engines": {
        "node": ">=6.9.0"
      }
    },
    "node_modules/conventional-changelog-jshint": {
      "version": "2.0.1",
      "dev": true,
      "license": "ISC",
      "dependencies": {
        "compare-func": "^1.3.1",
        "q": "^1.5.1"
      },
      "engines": {
        "node": ">=6.9.0"
      }
    },
    "node_modules/conventional-changelog-preset-loader": {
      "version": "2.2.0",
      "dev": true,
      "license": "MIT",
      "engines": {
        "node": ">=6.9.0"
      }
    },
    "node_modules/conventional-changelog-writer": {
      "version": "4.0.7",
      "dev": true,
      "license": "MIT",
      "dependencies": {
        "compare-func": "^1.3.1",
        "conventional-commits-filter": "^2.0.2",
        "dateformat": "^3.0.0",
        "handlebars": "^4.1.2",
        "json-stringify-safe": "^5.0.1",
        "lodash": "^4.2.1",
        "meow": "^4.0.0",
        "semver": "^6.0.0",
        "split": "^1.0.0",
        "through2": "^3.0.0"
      },
      "bin": {
        "conventional-changelog-writer": "cli.js"
      },
      "engines": {
        "node": ">=6.9.0"
      }
    },
    "node_modules/conventional-changelog-writer/node_modules/through2": {
      "version": "3.0.1",
      "dev": true,
      "license": "MIT",
      "dependencies": {
        "readable-stream": "2 || 3"
      }
    },
    "node_modules/conventional-commits-filter": {
      "version": "2.0.2",
      "dev": true,
      "license": "MIT",
      "dependencies": {
        "lodash.ismatch": "^4.4.0",
        "modify-values": "^1.0.0"
      },
      "engines": {
        "node": ">=6.9.0"
      }
    },
    "node_modules/conventional-commits-parser": {
      "version": "3.0.3",
      "dev": true,
      "license": "MIT",
      "dependencies": {
        "is-text-path": "^2.0.0",
        "JSONStream": "^1.0.4",
        "lodash": "^4.2.1",
        "meow": "^4.0.0",
        "split2": "^2.0.0",
        "through2": "^3.0.0",
        "trim-off-newlines": "^1.0.0"
      },
      "bin": {
        "conventional-commits-parser": "cli.js"
      },
      "engines": {
        "node": ">=6.9.0"
      }
    },
    "node_modules/conventional-commits-parser/node_modules/through2": {
      "version": "3.0.1",
      "dev": true,
      "license": "MIT",
      "dependencies": {
        "readable-stream": "2 || 3"
      }
    },
    "node_modules/conventional-recommended-bump": {
      "version": "6.0.0",
      "dev": true,
      "license": "MIT",
      "dependencies": {
        "concat-stream": "^2.0.0",
        "conventional-changelog-preset-loader": "^2.2.0",
        "conventional-commits-filter": "^2.0.2",
        "conventional-commits-parser": "^3.0.3",
        "git-raw-commits": "2.0.0",
        "git-semver-tags": "^3.0.0",
        "meow": "^4.0.0",
        "q": "^1.5.1"
      },
      "bin": {
        "conventional-recommended-bump": "cli.js"
      },
      "engines": {
        "node": ">=6.9.0"
      }
    },
    "node_modules/core-util-is": {
      "version": "1.0.2",
      "dev": true,
      "license": "MIT"
    },
    "node_modules/currently-unhandled": {
      "version": "0.4.1",
      "dev": true,
      "license": "MIT",
      "dependencies": {
        "array-find-index": "^1.0.1"
      },
      "engines": {
        "node": ">=0.10.0"
      }
    },
    "node_modules/dargs": {
      "version": "4.1.0",
      "dev": true,
      "license": "MIT",
      "dependencies": {
        "number-is-nan": "^1.0.0"
      },
      "engines": {
        "node": ">=0.10.0"
      }
    },
    "node_modules/dateformat": {
      "version": "3.0.3",
      "dev": true,
      "license": "MIT",
      "engines": {
        "node": "*"
      }
    },
    "node_modules/decamelize": {
      "version": "1.2.0",
      "dev": true,
      "license": "MIT",
      "engines": {
        "node": ">=0.10.0"
      }
    },
    "node_modules/decamelize-keys": {
      "version": "1.1.0",
      "dev": true,
      "license": "MIT",
      "dependencies": {
        "decamelize": "^1.1.0",
        "map-obj": "^1.0.0"
      },
      "engines": {
        "node": ">=0.10.0"
      }
    },
    "node_modules/detect-indent": {
      "version": "6.0.0",
      "dev": true,
      "license": "MIT",
      "engines": {
        "node": ">=8"
      }
    },
    "node_modules/detect-newline": {
      "version": "3.0.0",
      "dev": true,
      "license": "MIT",
      "engines": {
        "node": ">=8"
      }
    },
    "node_modules/dot-prop": {
      "version": "3.0.0",
      "dev": true,
      "license": "MIT",
      "dependencies": {
        "is-obj": "^1.0.0"
      },
      "engines": {
        "node": ">=0.10.0"
      }
    },
    "node_modules/dotgitignore": {
      "version": "2.1.0",
      "dev": true,
      "license": "ISC",
      "dependencies": {
        "find-up": "^3.0.0",
        "minimatch": "^3.0.4"
      },
      "engines": {
        "node": ">=6"
      }
    },
    "node_modules/emoji-regex": {
      "version": "7.0.3",
      "dev": true,
      "license": "MIT"
    },
    "node_modules/error-ex": {
      "version": "1.3.2",
      "dev": true,
      "license": "MIT",
      "dependencies": {
        "is-arrayish": "^0.2.1"
      }
    },
    "node_modules/escape-string-regexp": {
      "version": "1.0.5",
      "dev": true,
      "license": "MIT",
      "engines": {
        "node": ">=0.8.0"
      }
    },
    "node_modules/figures": {
      "version": "3.0.0",
      "dev": true,
      "license": "MIT",
      "dependencies": {
        "escape-string-regexp": "^1.0.5"
      },
      "engines": {
        "node": ">=8"
      }
    },
    "node_modules/find-up": {
      "version": "3.0.0",
      "dev": true,
      "license": "MIT",
      "dependencies": {
        "locate-path": "^3.0.0"
      },
      "engines": {
        "node": ">=6"
      }
    },
    "node_modules/fs-access": {
      "version": "1.0.1",
      "dev": true,
      "license": "MIT",
      "dependencies": {
        "null-check": "^1.0.0"
      },
      "engines": {
        "node": ">=0.10.0"
      }
    },
    "node_modules/get-caller-file": {
      "version": "2.0.5",
      "dev": true,
      "license": "ISC",
      "engines": {
        "node": "6.* || 8.* || >= 10.*"
      }
    },
    "node_modules/get-pkg-repo": {
      "version": "1.4.0",
      "dev": true,
      "license": "MIT",
      "dependencies": {
        "hosted-git-info": "^2.1.4",
        "meow": "^3.3.0",
        "normalize-package-data": "^2.3.0",
        "parse-github-repo-url": "^1.3.0",
        "through2": "^2.0.0"
      },
      "bin": {
        "get-pkg-repo": "cli.js"
      }
    },
    "node_modules/get-pkg-repo/node_modules/camelcase": {
      "version": "2.1.1",
      "dev": true,
      "license": "MIT",
      "engines": {
        "node": ">=0.10.0"
      }
    },
    "node_modules/get-pkg-repo/node_modules/camelcase-keys": {
      "version": "2.1.0",
      "dev": true,
      "license": "MIT",
      "dependencies": {
        "camelcase": "^2.0.0",
        "map-obj": "^1.0.0"
      },
      "engines": {
        "node": ">=0.10.0"
      }
    },
    "node_modules/get-pkg-repo/node_modules/find-up": {
      "version": "1.1.2",
      "dev": true,
      "license": "MIT",
      "dependencies": {
        "path-exists": "^2.0.0",
        "pinkie-promise": "^2.0.0"
      },
      "engines": {
        "node": ">=0.10.0"
      }
    },
    "node_modules/get-pkg-repo/node_modules/indent-string": {
      "version": "2.1.0",
      "dev": true,
      "license": "MIT",
      "dependencies": {
        "repeating": "^2.0.0"
      },
      "engines": {
        "node": ">=0.10.0"
      }
    },
    "node_modules/get-pkg-repo/node_modules/load-json-file": {
      "version": "1.1.0",
      "dev": true,
      "license": "MIT",
      "dependencies": {
        "graceful-fs": "^4.1.2",
        "parse-json": "^2.2.0",
        "pify": "^2.0.0",
        "pinkie-promise": "^2.0.0",
        "strip-bom": "^2.0.0"
      },
      "engines": {
        "node": ">=0.10.0"
      }
    },
    "node_modules/get-pkg-repo/node_modules/meow": {
      "version": "3.7.0",
      "dev": true,
      "license": "MIT",
      "dependencies": {
        "camelcase-keys": "^2.0.0",
        "decamelize": "^1.1.2",
        "loud-rejection": "^1.0.0",
        "map-obj": "^1.0.1",
        "minimist": "^1.1.3",
        "normalize-package-data": "^2.3.4",
        "object-assign": "^4.0.1",
        "read-pkg-up": "^1.0.1",
        "redent": "^1.0.0",
        "trim-newlines": "^1.0.0"
      },
      "engines": {
        "node": ">=0.10.0"
      }
    },
    "node_modules/get-pkg-repo/node_modules/parse-json": {
      "version": "2.2.0",
      "dev": true,
      "license": "MIT",
      "dependencies": {
        "error-ex": "^1.2.0"
      },
      "engines": {
        "node": ">=0.10.0"
      }
    },
    "node_modules/get-pkg-repo/node_modules/path-exists": {
      "version": "2.1.0",
      "dev": true,
      "license": "MIT",
      "dependencies": {
        "pinkie-promise": "^2.0.0"
      },
      "engines": {
        "node": ">=0.10.0"
      }
    },
    "node_modules/get-pkg-repo/node_modules/path-type": {
      "version": "1.1.0",
      "dev": true,
      "license": "MIT",
      "dependencies": {
        "graceful-fs": "^4.1.2",
        "pify": "^2.0.0",
        "pinkie-promise": "^2.0.0"
      },
      "engines": {
        "node": ">=0.10.0"
      }
    },
    "node_modules/get-pkg-repo/node_modules/read-pkg": {
      "version": "1.1.0",
      "dev": true,
      "license": "MIT",
      "dependencies": {
        "load-json-file": "^1.0.0",
        "normalize-package-data": "^2.3.2",
        "path-type": "^1.0.0"
      },
      "engines": {
        "node": ">=0.10.0"
      }
    },
    "node_modules/get-pkg-repo/node_modules/read-pkg-up": {
      "version": "1.0.1",
      "dev": true,
      "license": "MIT",
      "dependencies": {
        "find-up": "^1.0.0",
        "read-pkg": "^1.0.0"
      },
      "engines": {
        "node": ">=0.10.0"
      }
    },
    "node_modules/get-pkg-repo/node_modules/redent": {
      "version": "1.0.0",
      "dev": true,
      "license": "MIT",
      "dependencies": {
        "indent-string": "^2.1.0",
        "strip-indent": "^1.0.1"
      },
      "engines": {
        "node": ">=0.10.0"
      }
    },
    "node_modules/get-pkg-repo/node_modules/strip-bom": {
      "version": "2.0.0",
      "dev": true,
      "license": "MIT",
      "dependencies": {
        "is-utf8": "^0.2.0"
      },
      "engines": {
        "node": ">=0.10.0"
      }
    },
    "node_modules/get-pkg-repo/node_modules/strip-indent": {
      "version": "1.0.1",
      "dev": true,
      "license": "MIT",
      "dependencies": {
        "get-stdin": "^4.0.1"
      },
      "bin": {
        "strip-indent": "cli.js"
      },
      "engines": {
        "node": ">=0.10.0"
      }
    },
    "node_modules/get-pkg-repo/node_modules/trim-newlines": {
      "version": "1.0.0",
      "dev": true,
      "license": "MIT",
      "engines": {
        "node": ">=0.10.0"
      }
    },
    "node_modules/get-stdin": {
      "version": "4.0.1",
      "dev": true,
      "license": "MIT",
      "engines": {
        "node": ">=0.10.0"
      }
    },
    "node_modules/git-raw-commits": {
      "version": "2.0.0",
      "dev": true,
      "license": "MIT",
      "dependencies": {
        "dargs": "^4.0.1",
        "lodash.template": "^4.0.2",
        "meow": "^4.0.0",
        "split2": "^2.0.0",
        "through2": "^2.0.0"
      },
      "bin": {
        "git-raw-commits": "cli.js"
      },
      "engines": {
        "node": ">=6.9.0"
      }
    },
    "node_modules/git-remote-origin-url": {
      "version": "2.0.0",
      "dev": true,
      "license": "MIT",
      "dependencies": {
        "gitconfiglocal": "^1.0.0",
        "pify": "^2.3.0"
      },
      "engines": {
        "node": ">=4"
      }
    },
    "node_modules/git-semver-tags": {
      "version": "3.0.0",
      "dev": true,
      "license": "MIT",
      "dependencies": {
        "meow": "^4.0.0",
        "semver": "^6.0.0"
      },
      "bin": {
        "git-semver-tags": "cli.js"
      },
      "engines": {
        "node": ">=6.9.0"
      }
    },
    "node_modules/gitconfiglocal": {
      "version": "1.0.0",
      "dev": true,
      "license": "BSD",
      "dependencies": {
        "ini": "^1.3.2"
      }
    },
    "node_modules/graceful-fs": {
      "version": "4.2.2",
      "dev": true,
      "license": "ISC"
    },
    "node_modules/handlebars": {
      "version": "4.1.2",
      "dev": true,
      "license": "MIT",
      "dependencies": {
        "neo-async": "^2.6.0",
        "optimist": "^0.6.1",
        "source-map": "^0.6.1"
      },
      "bin": {
        "handlebars": "bin/handlebars"
      },
      "engines": {
        "node": ">=0.4.7"
      },
      "optionalDependencies": {
        "uglify-js": "^3.1.4"
      }
    },
    "node_modules/has-flag": {
      "version": "3.0.0",
      "dev": true,
      "license": "MIT",
      "engines": {
        "node": ">=4"
      }
    },
    "node_modules/hosted-git-info": {
      "version": "2.8.4",
      "dev": true,
      "license": "ISC"
    },
    "node_modules/indent-string": {
      "version": "3.2.0",
      "dev": true,
      "license": "MIT",
      "engines": {
        "node": ">=4"
      }
    },
    "node_modules/inherits": {
      "version": "2.0.4",
      "dev": true,
      "license": "ISC"
    },
    "node_modules/ini": {
      "version": "1.3.5",
      "dev": true,
      "license": "ISC",
      "engines": {
        "node": "*"
      }
    },
    "node_modules/is-arrayish": {
      "version": "0.2.1",
      "dev": true,
      "license": "MIT"
    },
    "node_modules/is-finite": {
      "version": "1.0.2",
      "dev": true,
      "license": "MIT",
      "dependencies": {
        "number-is-nan": "^1.0.0"
      },
      "engines": {
        "node": ">=0.10.0"
      }
    },
    "node_modules/is-fullwidth-code-point": {
      "version": "2.0.0",
      "dev": true,
      "license": "MIT",
      "engines": {
        "node": ">=4"
      }
    },
    "node_modules/is-obj": {
      "version": "1.0.1",
      "dev": true,
      "license": "MIT",
      "engines": {
        "node": ">=0.10.0"
      }
    },
    "node_modules/is-plain-obj": {
      "version": "1.1.0",
      "dev": true,
      "license": "MIT",
      "engines": {
        "node": ">=0.10.0"
      }
    },
    "node_modules/is-text-path": {
      "version": "2.0.0",
      "dev": true,
      "license": "MIT",
      "dependencies": {
        "text-extensions": "^2.0.0"
      },
      "engines": {
        "node": ">=8"
      }
    },
    "node_modules/is-utf8": {
      "version": "0.2.1",
      "dev": true,
      "license": "MIT"
    },
    "node_modules/isarray": {
      "version": "1.0.0",
      "dev": true,
      "license": "MIT"
    },
    "node_modules/json-parse-better-errors": {
      "version": "1.0.2",
      "dev": true,
      "license": "MIT"
    },
    "node_modules/json-stringify-safe": {
      "version": "5.0.1",
      "dev": true,
      "license": "ISC"
    },
    "node_modules/jsonparse": {
      "version": "1.3.1",
      "dev": true,
      "engines": [
        "node >= 0.2.0"
      ],
      "license": "MIT"
    },
    "node_modules/JSONStream": {
      "version": "1.3.5",
      "dev": true,
      "license": "(MIT OR Apache-2.0)",
      "dependencies": {
        "jsonparse": "^1.2.0",
        "through": ">=2.2.7 <3"
      },
      "bin": {
        "JSONStream": "bin.js"
      },
      "engines": {
        "node": "*"
      }
    },
    "node_modules/load-json-file": {
      "version": "4.0.0",
      "dev": true,
      "license": "MIT",
      "dependencies": {
        "graceful-fs": "^4.1.2",
        "parse-json": "^4.0.0",
        "pify": "^3.0.0",
        "strip-bom": "^3.0.0"
      },
      "engines": {
        "node": ">=4"
      }
    },
    "node_modules/load-json-file/node_modules/pify": {
      "version": "3.0.0",
      "dev": true,
      "license": "MIT",
      "engines": {
        "node": ">=4"
      }
    },
    "node_modules/locate-path": {
      "version": "3.0.0",
      "dev": true,
      "license": "MIT",
      "dependencies": {
        "p-locate": "^3.0.0",
        "path-exists": "^3.0.0"
      },
      "engines": {
        "node": ">=6"
      }
    },
    "node_modules/lodash": {
      "version": "4.17.15",
      "dev": true,
      "license": "MIT"
    },
    "node_modules/lodash._reinterpolate": {
      "version": "3.0.0",
      "dev": true,
      "license": "MIT"
    },
    "node_modules/lodash.ismatch": {
      "version": "4.4.0",
      "dev": true,
      "license": "MIT"
    },
    "node_modules/lodash.template": {
      "version": "4.5.0",
      "dev": true,
      "license": "MIT",
      "dependencies": {
        "lodash._reinterpolate": "^3.0.0",
        "lodash.templatesettings": "^4.0.0"
      }
    },
    "node_modules/lodash.templatesettings": {
      "version": "4.2.0",
      "dev": true,
      "license": "MIT",
      "dependencies": {
        "lodash._reinterpolate": "^3.0.0"
      }
    },
    "node_modules/loud-rejection": {
      "version": "1.6.0",
      "dev": true,
      "license": "MIT",
      "dependencies": {
        "currently-unhandled": "^0.4.1",
        "signal-exit": "^3.0.0"
      },
      "engines": {
        "node": ">=0.10.0"
      }
    },
    "node_modules/map-obj": {
      "version": "1.0.1",
      "dev": true,
      "license": "MIT",
      "engines": {
        "node": ">=0.10.0"
      }
    },
    "node_modules/meow": {
      "version": "4.0.1",
      "dev": true,
      "license": "MIT",
      "dependencies": {
        "camelcase-keys": "^4.0.0",
        "decamelize-keys": "^1.0.0",
        "loud-rejection": "^1.0.0",
        "minimist": "^1.1.3",
        "minimist-options": "^3.0.1",
        "normalize-package-data": "^2.3.4",
        "read-pkg-up": "^3.0.0",
        "redent": "^2.0.0",
        "trim-newlines": "^2.0.0"
      },
      "engines": {
        "node": ">=4"
      }
    },
    "node_modules/minimatch": {
      "version": "3.0.4",
      "dev": true,
      "license": "ISC",
      "dependencies": {
        "brace-expansion": "^1.1.7"
      },
      "engines": {
        "node": "*"
      }
    },
    "node_modules/minimist": {
      "version": "1.2.0",
      "dev": true,
      "license": "MIT"
    },
    "node_modules/minimist-options": {
      "version": "3.0.2",
      "dev": true,
      "license": "MIT",
      "dependencies": {
        "arrify": "^1.0.1",
        "is-plain-obj": "^1.1.0"
      },
      "engines": {
        "node": ">= 4"
      }
    },
    "node_modules/modify-values": {
      "version": "1.0.1",
      "dev": true,
      "license": "MIT",
      "engines": {
        "node": ">=0.10.0"
      }
    },
    "node_modules/nan": {
      "version": "2.14.0",
      "license": "MIT"
    },
    "node_modules/neo-async": {
      "version": "2.6.1",
      "dev": true,
      "license": "MIT"
    },
    "node_modules/normalize-package-data": {
      "version": "2.5.0",
      "dev": true,
      "license": "BSD-2-Clause",
      "dependencies": {
        "hosted-git-info": "^2.1.4",
        "resolve": "^1.10.0",
        "semver": "2 || 3 || 4 || 5",
        "validate-npm-package-license": "^3.0.1"
      }
    },
    "node_modules/normalize-package-data/node_modules/semver": {
      "version": "5.7.1",
      "dev": true,
      "license": "ISC",
      "bin": {
        "semver": "bin/semver"
      }
    },
    "node_modules/null-check": {
      "version": "1.0.0",
      "dev": true,
      "license": "MIT",
      "engines": {
        "node": ">=0.10.0"
      }
    },
    "node_modules/number-is-nan": {
      "version": "1.0.1",
      "dev": true,
      "license": "MIT",
      "engines": {
        "node": ">=0.10.0"
      }
    },
    "node_modules/object-assign": {
      "version": "4.1.1",
      "dev": true,
      "license": "MIT",
      "engines": {
        "node": ">=0.10.0"
      }
    },
    "node_modules/optimist": {
      "version": "0.6.1",
      "dev": true,
      "license": "MIT/X11",
      "dependencies": {
        "minimist": "~0.0.1",
        "wordwrap": "~0.0.2"
      }
    },
    "node_modules/optimist/node_modules/minimist": {
      "version": "0.0.10",
      "dev": true,
      "license": "MIT"
    },
    "node_modules/p-limit": {
      "version": "2.2.0",
      "dev": true,
      "license": "MIT",
      "dependencies": {
        "p-try": "^2.0.0"
      },
      "engines": {
        "node": ">=6"
      }
    },
    "node_modules/p-locate": {
      "version": "3.0.0",
      "dev": true,
      "license": "MIT",
      "dependencies": {
        "p-limit": "^2.0.0"
      },
      "engines": {
        "node": ">=6"
      }
    },
    "node_modules/p-try": {
      "version": "2.2.0",
      "dev": true,
      "license": "MIT",
      "engines": {
        "node": ">=6"
      }
    },
    "node_modules/parse-github-repo-url": {
      "version": "1.4.1",
      "dev": true,
      "license": "MIT"
    },
    "node_modules/parse-json": {
      "version": "4.0.0",
      "dev": true,
      "license": "MIT",
      "dependencies": {
        "error-ex": "^1.3.1",
        "json-parse-better-errors": "^1.0.1"
      },
      "engines": {
        "node": ">=4"
      }
    },
    "node_modules/path-exists": {
      "version": "3.0.0",
      "dev": true,
      "license": "MIT",
      "engines": {
        "node": ">=4"
      }
    },
    "node_modules/path-parse": {
      "version": "1.0.6",
      "dev": true,
      "license": "MIT"
    },
    "node_modules/path-type": {
      "version": "3.0.0",
      "dev": true,
      "license": "MIT",
      "dependencies": {
        "pify": "^3.0.0"
      },
      "engines": {
        "node": ">=4"
      }
    },
    "node_modules/path-type/node_modules/pify": {
      "version": "3.0.0",
      "dev": true,
      "license": "MIT",
      "engines": {
        "node": ">=4"
      }
    },
    "node_modules/pify": {
      "version": "2.3.0",
      "dev": true,
      "license": "MIT",
      "engines": {
        "node": ">=0.10.0"
      }
    },
    "node_modules/pinkie": {
      "version": "2.0.4",
      "dev": true,
      "license": "MIT",
      "engines": {
        "node": ">=0.10.0"
      }
    },
    "node_modules/pinkie-promise": {
      "version": "2.0.1",
      "dev": true,
      "license": "MIT",
      "dependencies": {
        "pinkie": "^2.0.0"
      },
      "engines": {
        "node": ">=0.10.0"
      }
    },
    "node_modules/process-nextick-args": {
      "version": "2.0.1",
      "dev": true,
      "license": "MIT"
    },
    "node_modules/q": {
      "version": "1.5.1",
      "dev": true,
      "license": "MIT",
      "engines": {
        "node": ">=0.6.0",
        "teleport": ">=0.2.0"
      }
    },
    "node_modules/quick-lru": {
      "version": "1.1.0",
      "dev": true,
      "license": "MIT",
      "engines": {
        "node": ">=4"
      }
    },
    "node_modules/read-pkg": {
      "version": "3.0.0",
      "dev": true,
      "license": "MIT",
      "dependencies": {
        "load-json-file": "^4.0.0",
        "normalize-package-data": "^2.3.2",
        "path-type": "^3.0.0"
      },
      "engines": {
        "node": ">=4"
      }
    },
    "node_modules/read-pkg-up": {
      "version": "3.0.0",
      "dev": true,
      "license": "MIT",
      "dependencies": {
        "find-up": "^2.0.0",
        "read-pkg": "^3.0.0"
      },
      "engines": {
        "node": ">=4"
      }
    },
    "node_modules/read-pkg-up/node_modules/find-up": {
      "version": "2.1.0",
      "dev": true,
      "license": "MIT",
      "dependencies": {
        "locate-path": "^2.0.0"
      },
      "engines": {
        "node": ">=4"
      }
    },
    "node_modules/read-pkg-up/node_modules/locate-path": {
      "version": "2.0.0",
      "dev": true,
      "license": "MIT",
      "dependencies": {
        "p-locate": "^2.0.0",
        "path-exists": "^3.0.0"
      },
      "engines": {
        "node": ">=4"
      }
    },
    "node_modules/read-pkg-up/node_modules/p-limit": {
      "version": "1.3.0",
      "dev": true,
      "license": "MIT",
      "dependencies": {
        "p-try": "^1.0.0"
      },
      "engines": {
        "node": ">=4"
      }
    },
    "node_modules/read-pkg-up/node_modules/p-locate": {
      "version": "2.0.0",
      "dev": true,
      "license": "MIT",
      "dependencies": {
        "p-limit": "^1.1.0"
      },
      "engines": {
        "node": ">=4"
      }
    },
    "node_modules/read-pkg-up/node_modules/p-try": {
      "version": "1.0.0",
      "dev": true,
      "license": "MIT",
      "engines": {
        "node": ">=4"
      }
    },
    "node_modules/readable-stream": {
      "version": "3.4.0",
      "dev": true,
      "license": "MIT",
      "dependencies": {
        "inherits": "^2.0.3",
        "string_decoder": "^1.1.1",
        "util-deprecate": "^1.0.1"
      },
      "engines": {
        "node": ">= 6"
      }
    },
    "node_modules/redent": {
      "version": "2.0.0",
      "dev": true,
      "license": "MIT",
      "dependencies": {
        "indent-string": "^3.0.0",
        "strip-indent": "^2.0.0"
      },
      "engines": {
        "node": ">=4"
      }
    },
    "node_modules/repeating": {
      "version": "2.0.1",
      "dev": true,
      "license": "MIT",
      "dependencies": {
        "is-finite": "^1.0.0"
      },
      "engines": {
        "node": ">=0.10.0"
      }
    },
    "node_modules/require-directory": {
      "version": "2.1.1",
      "dev": true,
      "license": "MIT",
      "engines": {
        "node": ">=0.10.0"
      }
    },
    "node_modules/require-main-filename": {
      "version": "2.0.0",
      "dev": true,
      "license": "ISC"
    },
    "node_modules/resolve": {
      "version": "1.12.0",
      "dev": true,
      "license": "MIT",
      "dependencies": {
        "path-parse": "^1.0.6"
      }
    },
    "node_modules/safe-buffer": {
      "version": "5.1.2",
      "dev": true,
      "license": "MIT"
    },
    "node_modules/semver": {
      "version": "6.3.0",
      "dev": true,
      "license": "ISC",
      "bin": {
        "semver": "bin/semver.js"
      }
    },
    "node_modules/set-blocking": {
      "version": "2.0.0",
      "dev": true,
      "license": "ISC"
    },
    "node_modules/signal-exit": {
      "version": "3.0.2",
      "dev": true,
      "license": "ISC"
    },
    "node_modules/source-map": {
      "version": "0.6.1",
      "dev": true,
      "license": "BSD-3-Clause",
      "engines": {
        "node": ">=0.10.0"
      }
    },
    "node_modules/spdx-correct": {
      "version": "3.1.0",
      "dev": true,
      "license": "Apache-2.0",
      "dependencies": {
        "spdx-expression-parse": "^3.0.0",
        "spdx-license-ids": "^3.0.0"
      }
    },
    "node_modules/spdx-exceptions": {
      "version": "2.2.0",
      "dev": true,
      "license": "CC-BY-3.0"
    },
    "node_modules/spdx-expression-parse": {
      "version": "3.0.0",
      "dev": true,
      "license": "MIT",
      "dependencies": {
        "spdx-exceptions": "^2.1.0",
        "spdx-license-ids": "^3.0.0"
      }
    },
    "node_modules/spdx-license-ids": {
      "version": "3.0.5",
      "dev": true,
      "license": "CC0-1.0"
    },
    "node_modules/split": {
      "version": "1.0.1",
      "dev": true,
      "license": "MIT",
      "dependencies": {
        "through": "2"
      },
      "engines": {
        "node": "*"
      }
    },
    "node_modules/split2": {
      "version": "2.2.0",
      "dev": true,
      "license": "ISC",
      "dependencies": {
        "through2": "^2.0.2"
      }
    },
    "node_modules/standard-version": {
      "version": "7.0.0",
      "dev": true,
      "license": "ISC",
      "dependencies": {
        "chalk": "2.4.2",
        "conventional-changelog": "3.1.9",
        "conventional-changelog-config-spec": "2.0.0",
        "conventional-recommended-bump": "6.0.0",
        "detect-indent": "6.0.0",
        "detect-newline": "3.0.0",
        "dotgitignore": "2.1.0",
        "figures": "3.0.0",
        "find-up": "4.1.0",
        "fs-access": "1.0.1",
        "git-semver-tags": "3.0.0",
        "semver": "6.3.0",
        "stringify-package": "1.0.0",
        "yargs": "13.3.0"
      },
      "bin": {
        "standard-version": "bin/cli.js"
      },
      "engines": {
        "node": ">=8.0"
      }
    },
    "node_modules/standard-version/node_modules/find-up": {
      "version": "4.1.0",
      "dev": true,
      "license": "MIT",
      "dependencies": {
        "locate-path": "^5.0.0",
        "path-exists": "^4.0.0"
      },
      "engines": {
        "node": ">=8"
      }
    },
    "node_modules/standard-version/node_modules/locate-path": {
      "version": "5.0.0",
      "dev": true,
      "license": "MIT",
      "dependencies": {
        "p-locate": "^4.1.0"
      },
      "engines": {
        "node": ">=8"
      }
    },
    "node_modules/standard-version/node_modules/p-locate": {
      "version": "4.1.0",
      "dev": true,
      "license": "MIT",
      "dependencies": {
        "p-limit": "^2.2.0"
      },
      "engines": {
        "node": ">=8"
      }
    },
    "node_modules/standard-version/node_modules/path-exists": {
      "version": "4.0.0",
      "dev": true,
      "license": "MIT",
      "engines": {
        "node": ">=8"
      }
    },
    "node_modules/string_decoder": {
      "version": "1.3.0",
      "dev": true,
      "license": "MIT",
      "dependencies": {
        "safe-buffer": "~5.2.0"
      }
    },
    "node_modules/string_decoder/node_modules/safe-buffer": {
      "version": "5.2.0",
      "dev": true,
      "license": "MIT"
    },
    "node_modules/string-width": {
      "version": "3.1.0",
      "dev": true,
      "license": "MIT",
      "dependencies": {
        "emoji-regex": "^7.0.1",
        "is-fullwidth-code-point": "^2.0.0",
        "strip-ansi": "^5.1.0"
      },
      "engines": {
        "node": ">=6"
      }
    },
    "node_modules/stringify-package": {
      "version": "1.0.0",
      "dev": true,
      "license": "ISC"
    },
    "node_modules/strip-ansi": {
      "version": "5.2.0",
      "dev": true,
      "license": "MIT",
      "dependencies": {
        "ansi-regex": "^4.1.0"
      },
      "engines": {
        "node": ">=6"
      }
    },
    "node_modules/strip-bom": {
      "version": "3.0.0",
      "dev": true,
      "license": "MIT",
      "engines": {
        "node": ">=4"
      }
    },
    "node_modules/strip-indent": {
      "version": "2.0.0",
      "dev": true,
      "license": "MIT",
      "engines": {
        "node": ">=4"
      }
    },
    "node_modules/supports-color": {
      "version": "5.5.0",
      "dev": true,
      "license": "MIT",
      "dependencies": {
        "has-flag": "^3.0.0"
      },
      "engines": {
        "node": ">=4"
      }
    },
    "node_modules/text-extensions": {
      "version": "2.0.0",
      "dev": true,
      "license": "MIT",
      "engines": {
        "node": ">=8"
      }
    },
    "node_modules/through": {
      "version": "2.3.8",
      "dev": true,
      "license": "MIT"
    },
    "node_modules/through2": {
      "version": "2.0.5",
      "dev": true,
      "license": "MIT",
      "dependencies": {
        "readable-stream": "~2.3.6",
        "xtend": "~4.0.1"
      }
    },
    "node_modules/through2/node_modules/readable-stream": {
      "version": "2.3.6",
      "dev": true,
      "license": "MIT",
      "dependencies": {
        "core-util-is": "~1.0.0",
        "inherits": "~2.0.3",
        "isarray": "~1.0.0",
        "process-nextick-args": "~2.0.0",
        "safe-buffer": "~5.1.1",
        "string_decoder": "~1.1.1",
        "util-deprecate": "~1.0.1"
      }
    },
    "node_modules/through2/node_modules/string_decoder": {
      "version": "1.1.1",
      "dev": true,
      "license": "MIT",
      "dependencies": {
        "safe-buffer": "~5.1.0"
      }
    },
    "node_modules/tree-sitter-html": {
      "version": "0.15.0",
      "dev": true,
      "license": "MIT",
      "dependencies": {
        "nan": "^2.10.0"
      }
    },
    "node_modules/trim-newlines": {
      "version": "2.0.0",
      "dev": true,
      "license": "MIT",
      "engines": {
        "node": ">=4"
      }
    },
    "node_modules/trim-off-newlines": {
      "version": "1.0.1",
      "dev": true,
      "license": "MIT",
      "engines": {
        "node": ">=0.10.0"
      }
    },
    "node_modules/typedarray": {
      "version": "0.0.6",
      "dev": true,
      "license": "MIT"
    },
    "node_modules/uglify-js": {
      "version": "3.6.0",
      "dev": true,
      "license": "BSD-2-Clause",
      "optional": true,
      "dependencies": {
        "commander": "~2.20.0",
        "source-map": "~0.6.1"
      },
      "bin": {
        "uglifyjs": "bin/uglifyjs"
      },
      "engines": {
        "node": ">=0.8.0"
      }
    },
    "node_modules/util-deprecate": {
      "version": "1.0.2",
      "dev": true,
      "license": "MIT"
    },
    "node_modules/validate-npm-package-license": {
      "version": "3.0.4",
      "dev": true,
      "license": "Apache-2.0",
      "dependencies": {
        "spdx-correct": "^3.0.0",
        "spdx-expression-parse": "^3.0.0"
      }
    },
    "node_modules/which-module": {
      "version": "2.0.0",
      "dev": true,
      "license": "ISC"
    },
    "node_modules/wordwrap": {
      "version": "0.0.3",
      "dev": true,
      "license": "MIT",
      "engines": {
        "node": ">=0.4.0"
      }
    },
    "node_modules/wrap-ansi": {
      "version": "5.1.0",
      "dev": true,
      "license": "MIT",
      "dependencies": {
        "ansi-styles": "^3.2.0",
        "string-width": "^3.0.0",
        "strip-ansi": "^5.0.0"
      },
      "engines": {
        "node": ">=6"
      }
    },
    "node_modules/xtend": {
      "version": "4.0.2",
      "dev": true,
      "license": "MIT",
      "engines": {
        "node": ">=0.4"
      }
    },
    "node_modules/y18n": {
      "version": "4.0.0",
      "dev": true,
      "license": "ISC"
    },
    "node_modules/yargs": {
      "version": "13.3.0",
      "dev": true,
      "license": "MIT",
      "dependencies": {
        "cliui": "^5.0.0",
        "find-up": "^3.0.0",
        "get-caller-file": "^2.0.1",
        "require-directory": "^2.1.1",
        "require-main-filename": "^2.0.0",
        "set-blocking": "^2.0.0",
        "string-width": "^3.0.0",
        "which-module": "^2.0.0",
        "y18n": "^4.0.0",
        "yargs-parser": "^13.1.1"
      }
    },
    "node_modules/yargs-parser": {
      "version": "13.1.1",
      "dev": true,
      "license": "ISC",
      "dependencies": {
        "camelcase": "^5.0.0",
        "decamelize": "^1.2.0"
      }
    },
    "node_modules/yargs-parser/node_modules/camelcase": {
      "version": "5.3.1",
      "dev": true,
      "license": "MIT",
      "engines": {
        "node": ">=6"
      }
    }
  }
}
